DEPENDENCIES
  apache2 (= 5.2.1)
  application_git
  apt (= 7.1.1)
  ark
  bluepill
  build-essential
  composer
  logrotate
  mysql
  ntp
  openssl
  php (= 6.1.1)
  phpapp
    path: phpapp_cookbook
  phpmyadmin
    path: phpmyadmin_cookbook
  selinux (= 2.1.1)
  seven_zip (= 3.0.0)
  windows (= 5.1.3)
  yum
  yum-epel

GRAPH
  apache2 (5.2.1)
  application (5.2.0)
    poise (~> 2.4)
    poise-service (~> 1.0)
  application_git (1.2.0)
    application (~> 5.0)
    poise (~> 2.0)
    poise-git (~> 1.0)
  apt (7.1.1)
  ark (5.0.0)
    seven_zip (>= 0.0.0)
  bluepill (4.1.1)
    rsyslog (>= 2.0)
  build-essential (8.2.1)
    mingw (>= 1.1)
    seven_zip (>= 0.0.0)
  composer (2.7.0)
    apt (>= 0.0.0)
    php (>= 0.0.0)
    windows (>= 0.0.0)
  logrotate (2.2.3)
  mingw (2.1.1)
    seven_zip (>= 0.0.0)
  mysql (8.7.3)
  ntp (3.7.0)
  openssl (8.5.5)
  php (6.1.1)
    build-essential (>= 5.0)
    yum-epel (>= 0.0.0)
  phpapp (0.9.0)
    apache2 (>= 0.0.0)
    application_git (>= 0.0.0)
    apt (>= 0.0.0)
    build-essential (>= 0.0.0)
    composer (>= 0.0.0)
    ntp (>= 0.0.0)
    php (>= 0.0.0)
    phpmyadmin (>= 0.0.0)
    selinux (>= 0.0.0)
    yum (>= 0.0.0)
  phpmyadmin (1.0.4)
    php (>= 0.0.0)
  poise (2.8.2)
  poise-archive (1.5.0)
    poise (~> 2.6)
  poise-git (1.0.0)
    poise (~> 2.6)
    poise-languages (~> 2.1)
  poise-languages (2.1.2)
    poise (~> 2.5)
    poise-archive (~> 1.0)
  poise-service (1.5.2)
    poise (~> 2.0)
  rsyslog (7.0.1)
  selinux (2.1.1)
  seven_zip (3.0.0)
    windows (>= 0.0.0)
  windows (5.1.3)
  yum (5.1.0)
  yum-epel (3.3.0)
