DEPENDENCIES
  apache2
  application_git
  apt
  ark
  bluepill
  build-essential
  mysql
  newrelic
    path: newrelic_cookbook
  openssl
  php
  phpapp
    path: phpapp_cookbook
  phpmyadmin
    path: phpmyadmin_cookbook
  yum

GRAPH
  apache2 (3.3.0)
  application (5.2.0)
    poise (~> 2.4)
    poise-service (~> 1.0)
  application_git (1.2.0)
    application (~> 5.0)
    poise (~> 2.0)
    poise-git (~> 1.0)
  apt (6.1.0)
  ark (3.0.0)
    build-essential (>= 0.0.0)
    seven_zip (>= 0.0.0)
    windows (>= 0.0.0)
  bluepill (4.0.0)
    rsyslog (>= 2.0)
  build-essential (8.0.1)
    mingw (>= 1.1)
    seven_zip (>= 0.0.0)
  compat_resource (12.19.0)
  mingw (2.0.0)
    seven_zip (>= 0.0.0)
  mysql (8.3.1)
  newrelic (1.2.0)
  nginx (1.8.0)
    apt (>= 0.0.0)
    build-essential (>= 0.0.0)
    ohai (>= 1.1.4)
    runit (>= 0.0.0)
    yum (>= 0.0.0)
  ohai (5.0.3)
  openssl (7.0.1)
  packagecloud (0.3.0)
  php (4.0.0)
    build-essential (>= 0.0.0)
    mysql (>= 6.0.0)
    xml (>= 0.0.0)
    yum-epel (>= 0.0.0)
  phpapp (0.8.0)
    apache2 (>= 0.0.0)
    application_git (>= 0.0.0)
    apt (>= 0.0.0)
    build-essential (>= 0.0.0)
    php (>= 0.0.0)
    phpmyadmin (>= 0.0.0)
    yum (>= 0.0.0)
  phpmyadmin (1.0.4)
    apache2 (>= 0.0.0)
    nginx (>= 0.0.0)
    php (>= 0.0.0)
  poise (2.7.2)
  poise-archive (1.5.0)
    poise (~> 2.6)
  poise-git (1.0.0)
    poise (~> 2.6)
    poise-languages (~> 2.1)
  poise-languages (2.1.0)
    poise (~> 2.5)
    poise-archive (~> 1.0)
  poise-service (1.4.2)
    poise (~> 2.0)
  rsyslog (6.0.1)
  runit (3.0.5)
    packagecloud (>= 0.0.0)
    yum-epel (>= 0.0.0)
  seven_zip (2.0.2)
    windows (>= 1.2.2)
  windows (3.0.5)
    ohai (>= 4.0.0)
  xml (3.1.1)
    build-essential (>= 0.0.0)
  yum (5.0.1)
  yum-epel (2.1.1)
    compat_resource (>= 12.16.3)
